
Microsoft Visual Studio Solution File, Format Version 12.00
# Visual Studio Version 17
VisualStudioVersion = 17.7.34202.233
MinimumVisualStudioVersion = 10.0.40219.1
Project("{FAE04EC0-301F-11D3-BF4B-00C04F79EFBC}") = "winform-calculator-app", "winform-calculator-app\winform-calculator-app.csproj", "{3B946763-E9BF-4797-B016-543C66D8EDE7}"
EndProject
Global
	GlobalSection(SolutionConfigurationPlatforms) = preSolution
		Debug|Any CPU = Debug|Any CPU
		Release|Any CPU = Release|Any CPU
	EndGlobalSection
	GlobalSection(ProjectConfigurationPlatforms) = postSolution
		{3B946763-E9BF-4797-B016-543C66D8EDE7}.Debug|Any CPU.ActiveCfg = Debug|Any CPU
		{3B946763-E9BF-4797-B016-543C66D8EDE7}.Debug|Any CPU.Build.0 = Debug|Any CPU
		{3B946763-E9BF-4797-B016-543C66D8EDE7}.Release|Any CPU.ActiveCfg = Release|Any CPU
		{3B946763-E9BF-4797-B016-543C66D8EDE7}.Release|Any CPU.Build.0 = Release|Any CPU
	EndGlobalSection
	GlobalSection(SolutionProperties) = preSolution
		HideSolutionNode = FALSE
	EndGlobalSection
	GlobalSection(ExtensibilityGlobals) = postSolution
		SolutionGuid = {8E306307-9AFF-47EE-95D3-D5215F686C4F}
	EndGlobalSection
EndGlobal
